
Microsoft Visual Studio Solution File, Format Version 12.00
# Visual Studio 15
VisualStudioVersion = 15.0.28307.572
MinimumVisualStudioVersion = 10.0.40219.1
Project("{9A19103F-16F7-4668-BE54-9A1E7A4F7556}") = "DNWS", "DNWS.csproj", "{5678A3CF-597C-4312-A30D-2716EA450B4C}"
EndProject
Global
	GlobalSection(SolutionConfigurationPlatforms) = preSolution
		Debug|Any CPU = Debug|Any CPU
		Release|Any CPU = Release|Any CPU
	EndGlobalSection
	GlobalSection(ProjectConfigurationPlatforms) = postSolution
		{5678A3CF-597C-4312-A30D-2716EA450B4C}.Debug|Any CPU.ActiveCfg = Debug|Any CPU
		{5678A3CF-597C-4312-A30D-2716EA450B4C}.Debug|Any CPU.Build.0 = Debug|Any CPU
		{5678A3CF-597C-4312-A30D-2716EA450B4C}.Release|Any CPU.ActiveCfg = Release|Any CPU
		{5678A3CF-597C-4312-A30D-2716EA450B4C}.Release|Any CPU.Build.0 = Release|Any CPU
	EndGlobalSection
	GlobalSection(SolutionProperties) = preSolution
		HideSolutionNode = FALSE
	EndGlobalSection
	GlobalSection(ExtensibilityGlobals) = postSolution
		SolutionGuid = {ADFB1197-AA18-44EC-B54B-7289E764E66F}
	EndGlobalSection
EndGlobal
